
Microsoft Visual Studio Solution File, Format Version 12.00
# Visual Studio 2013
VisualStudioVersion = 12.0.21005.1
MinimumVisualStudioVersion = 10.0.40219.1
Project("{FAE04EC0-301F-11D3-BF4B-00C04F79EFBC}") = "labmeny", "labmeny\labmeny.csproj", "{AD0E622F-B6CF-4745-9A58-560570C0187E}"
EndProject
Project("{FAE04EC0-301F-11D3-BF4B-00C04F79EFBC}") = "audlab4", "audlab4\audlab4.csproj", "{F515A684-478A-458E-910A-A433636C74A2}"
EndProject
Global
	GlobalSection(SolutionConfigurationPlatforms) = preSolution
		Debug|Any CPU = Debug|Any CPU
		Release|Any CPU = Release|Any CPU
	EndGlobalSection
	GlobalSection(ProjectConfigurationPlatforms) = postSolution
		{AD0E622F-B6CF-4745-9A58-560570C0187E}.Debug|Any CPU.ActiveCfg = Debug|Any CPU
		{AD0E622F-B6CF-4745-9A58-560570C0187E}.Debug|Any CPU.Build.0 = Debug|Any CPU
		{AD0E622F-B6CF-4745-9A58-560570C0187E}.Release|Any CPU.ActiveCfg = Release|Any CPU
		{AD0E622F-B6CF-4745-9A58-560570C0187E}.Release|Any CPU.Build.0 = Release|Any CPU
		{F515A684-478A-458E-910A-A433636C74A2}.Debug|Any CPU.ActiveCfg = Debug|Any CPU
		{F515A684-478A-458E-910A-A433636C74A2}.Debug|Any CPU.Build.0 = Debug|Any CPU
		{F515A684-478A-458E-910A-A433636C74A2}.Release|Any CPU.ActiveCfg = Release|Any CPU
		{F515A684-478A-458E-910A-A433636C74A2}.Release|Any CPU.Build.0 = Release|Any CPU
	EndGlobalSection
	GlobalSection(SolutionProperties) = preSolution
		HideSolutionNode = FALSE
	EndGlobalSection
EndGlobal
