
Microsoft Visual Studio Solution File, Format Version 12.00
# Visual Studio 15
VisualStudioVersion = 15.0.27130.2024
MinimumVisualStudioVersion = 10.0.40219.1
Project("{FAE04EC0-301F-11D3-BF4B-00C04F79EFBC}") = "Lab6", "Lab6.csproj", "{F4FE68E7-AF49-4902-8307-A41FEEEF1685}"
EndProject
Project("{FAE04EC0-301F-11D3-BF4B-00C04F79EFBC}") = "LibLake", "LibLake\LibLake.csproj", "{1070B2F9-D8C8-448E-95F4-2A0E62D752F6}"
EndProject
Project("{FAE04EC0-301F-11D3-BF4B-00C04F79EFBC}") = "Exceptions", "Exceptions\Exceptions.csproj", "{00DCF44D-E0A3-411E-835E-0F8E4D1DC5BA}"
EndProject
Project("{FAE04EC0-301F-11D3-BF4B-00C04F79EFBC}") = "LibSmallLake", "LibSmallLake\LibSmallLake.csproj", "{AB856E6F-1770-496C-AECE-EE3485721E87}"
EndProject
Project("{FAE04EC0-301F-11D3-BF4B-00C04F79EFBC}") = "LibBigLake", "LibBigLake\LibBigLake.csproj", "{3315D534-D112-4566-8D1D-74944B3C7377}"
EndProject
Global
	GlobalSection(SolutionConfigurationPlatforms) = preSolution
		Debug|Any CPU = Debug|Any CPU
		Release|Any CPU = Release|Any CPU
	EndGlobalSection
	GlobalSection(ProjectConfigurationPlatforms) = postSolution
		{F4FE68E7-AF49-4902-8307-A41FEEEF1685}.Debug|Any CPU.ActiveCfg = Debug|Any CPU
		{F4FE68E7-AF49-4902-8307-A41FEEEF1685}.Debug|Any CPU.Build.0 = Debug|Any CPU
		{F4FE68E7-AF49-4902-8307-A41FEEEF1685}.Release|Any CPU.ActiveCfg = Release|Any CPU
		{F4FE68E7-AF49-4902-8307-A41FEEEF1685}.Release|Any CPU.Build.0 = Release|Any CPU
		{1070B2F9-D8C8-448E-95F4-2A0E62D752F6}.Debug|Any CPU.ActiveCfg = Debug|Any CPU
		{1070B2F9-D8C8-448E-95F4-2A0E62D752F6}.Debug|Any CPU.Build.0 = Debug|Any CPU
		{1070B2F9-D8C8-448E-95F4-2A0E62D752F6}.Release|Any CPU.ActiveCfg = Release|Any CPU
		{1070B2F9-D8C8-448E-95F4-2A0E62D752F6}.Release|Any CPU.Build.0 = Release|Any CPU
		{00DCF44D-E0A3-411E-835E-0F8E4D1DC5BA}.Debug|Any CPU.ActiveCfg = Debug|Any CPU
		{00DCF44D-E0A3-411E-835E-0F8E4D1DC5BA}.Debug|Any CPU.Build.0 = Debug|Any CPU
		{00DCF44D-E0A3-411E-835E-0F8E4D1DC5BA}.Release|Any CPU.ActiveCfg = Release|Any CPU
		{00DCF44D-E0A3-411E-835E-0F8E4D1DC5BA}.Release|Any CPU.Build.0 = Release|Any CPU
		{AB856E6F-1770-496C-AECE-EE3485721E87}.Debug|Any CPU.ActiveCfg = Debug|Any CPU
		{AB856E6F-1770-496C-AECE-EE3485721E87}.Debug|Any CPU.Build.0 = Debug|Any CPU
		{AB856E6F-1770-496C-AECE-EE3485721E87}.Release|Any CPU.ActiveCfg = Release|Any CPU
		{AB856E6F-1770-496C-AECE-EE3485721E87}.Release|Any CPU.Build.0 = Release|Any CPU
		{3315D534-D112-4566-8D1D-74944B3C7377}.Debug|Any CPU.ActiveCfg = Debug|Any CPU
		{3315D534-D112-4566-8D1D-74944B3C7377}.Debug|Any CPU.Build.0 = Debug|Any CPU
		{3315D534-D112-4566-8D1D-74944B3C7377}.Release|Any CPU.ActiveCfg = Release|Any CPU
		{3315D534-D112-4566-8D1D-74944B3C7377}.Release|Any CPU.Build.0 = Release|Any CPU
	EndGlobalSection
	GlobalSection(SolutionProperties) = preSolution
		HideSolutionNode = FALSE
	EndGlobalSection
	GlobalSection(ExtensibilityGlobals) = postSolution
		SolutionGuid = {810ECC37-C1B0-4C8F-AAA7-1EC9E74E992F}
	EndGlobalSection
EndGlobal
