
Microsoft Visual Studio Solution File, Format Version 12.00
# Visual Studio 15
VisualStudioVersion = 15.0.27130.2024
MinimumVisualStudioVersion = 10.0.40219.1
Project("{FAE04EC0-301F-11D3-BF4B-00C04F79EFBC}") = "Lab_7", "Lab_7.csproj", "{CAA7C6B1-B9AD-4762-83EC-53E6BA196E74}"
EndProject
Global
	GlobalSection(SolutionConfigurationPlatforms) = preSolution
		Debug|Any CPU = Debug|Any CPU
		Release|Any CPU = Release|Any CPU
	EndGlobalSection
	GlobalSection(ProjectConfigurationPlatforms) = postSolution
		{CAA7C6B1-B9AD-4762-83EC-53E6BA196E74}.Debug|Any CPU.ActiveCfg = Debug|Any CPU
		{CAA7C6B1-B9AD-4762-83EC-53E6BA196E74}.Debug|Any CPU.Build.0 = Debug|Any CPU
		{CAA7C6B1-B9AD-4762-83EC-53E6BA196E74}.Release|Any CPU.ActiveCfg = Release|Any CPU
		{CAA7C6B1-B9AD-4762-83EC-53E6BA196E74}.Release|Any CPU.Build.0 = Release|Any CPU
	EndGlobalSection
	GlobalSection(SolutionProperties) = preSolution
		HideSolutionNode = FALSE
	EndGlobalSection
	GlobalSection(ExtensibilityGlobals) = postSolution
		SolutionGuid = {1EFDE275-CA2C-45B6-9017-866481B848F8}
	EndGlobalSection
EndGlobal
